
Microsoft Visual Studio Solution File, Format Version 12.00
# Visual Studio Version 17
VisualStudioVersion = 17.14.36221.1 d17.14
MinimumVisualStudioVersion = 10.0.40219.1
Project("{FAE04EC0-301F-11D3-BF4B-00C04F79EFBC}") = "Sprint 13 Dy Sa Bo", "Sprint 13 Dy Sa Bo.csproj", "{FB32B80B-D750-4084-8930-1E07DFC6DEDB}"
EndProject
Global
	GlobalSection(SolutionConfigurationPlatforms) = preSolution
		Debug|Any CPU = Debug|Any CPU
		Release|Any CPU = Release|Any CPU
	EndGlobalSection
	GlobalSection(ProjectConfigurationPlatforms) = postSolution
		{FB32B80B-D750-4084-8930-1E07DFC6DEDB}.Debug|Any CPU.ActiveCfg = Debug|Any CPU
		{FB32B80B-D750-4084-8930-1E07DFC6DEDB}.Debug|Any CPU.Build.0 = Debug|Any CPU
		{FB32B80B-D750-4084-8930-1E07DFC6DEDB}.Release|Any CPU.ActiveCfg = Release|Any CPU
		{FB32B80B-D750-4084-8930-1E07DFC6DEDB}.Release|Any CPU.Build.0 = Release|Any CPU
	EndGlobalSection
	GlobalSection(SolutionProperties) = preSolution
		HideSolutionNode = FALSE
	EndGlobalSection
	GlobalSection(ExtensibilityGlobals) = postSolution
		SolutionGuid = {697E768B-7E75-4F59-B897-12B87998A44F}
	EndGlobalSection
EndGlobal
